PODS:
  - Alamofire (4.8.2)
  - AlamofireImage (3.5.2):
    - Alamofire (~> 4.8)
  - MarqueeLabel (4.0.0)
  - NotificationBannerSwift (2.2.2):
    - MarqueeLabel (~> 4.0.0)
    - SnapKit (~> 5.0.0)
  - ReachabilitySwift (3)
  - Realm (3.16.1):
    - Realm/Headers (= 3.16.1)
  - Realm/Headers (3.16.1)
  - RealmSwift (3.16.1):
    - Realm (= 3.16.1)
  - SnapKit (5.0.0)
  - SVProgressHUD (2.2.5)

DEPENDENCIES:
  - Alamofire
  - AlamofireImage
  - NotificationBannerSwift
  - ReachabilitySwift (~> 3)
  - RealmSwift
  - SVProgressHUD

SPEC REPOS:
  https://github.com/cocoapods/specs.git:
    - Alamofire
    - AlamofireImage
    - MarqueeLabel
    - NotificationBannerSwift
    - ReachabilitySwift
    - Realm
    - RealmSwift
    - SnapKit
    - SVProgressHUD

SPEC CHECKSUMS:
  Alamofire: ae5c501addb7afdbb13687d7f2f722c78734c2d3
  AlamofireImage: 63cfe3baf1370be6c498149687cf6db3e3b00999
  MarqueeLabel: b55b26e690b6ad41faedd95cbf5eae6f1d1735b4
  NotificationBannerSwift: 2d46cc1b4a0ebf4372baef383f2a2ca82bf0c235
  ReachabilitySwift: f5b9bb30a0777fac8f09ce8b067e32faeb29bb64
  Realm: 601cacc51d8be3b17a377ef787be0f6ee0e76cf1
  RealmSwift: 486f2e09d5a8ccff63ed66e48d0846b111deb5e5
  SnapKit: fd22d10eb9aff484d79a8724eab922c1ddf89bcf
  SVProgressHUD: 1428aafac632c1f86f62aa4243ec12008d7a51d6

PODFILE CHECKSUM: a4447c6be9ccec73d678f77bddeb9df184dc501b

COCOAPODS: 1.7.1
